
Microsoft Visual Studio Solution File, Format Version 12.00
# Visual Studio Version 16
VisualStudioVersion = 16.0.29025.244
MinimumVisualStudioVersion = 10.0.40219.1
Project("{FAE04EC0-301F-11D3-BF4B-00C04F79EFBC}") = "Lox-Lang", "Lox-Lang\Lox-Lang.csproj", "{6756E58F-FAB2-43C5-BAAD-D880083D28D2}"
EndProject
Global
	GlobalSection(SolutionConfigurationPlatforms) = preSolution
		Debug|Any CPU = Debug|Any CPU
		Release|Any CPU = Release|Any CPU
	EndGlobalSection
	GlobalSection(ProjectConfigurationPlatforms) = postSolution
		{6756E58F-FAB2-43C5-BAAD-D880083D28D2}.Debug|Any CPU.ActiveCfg = Debug|Any CPU
		{6756E58F-FAB2-43C5-BAAD-D880083D28D2}.Debug|Any CPU.Build.0 = Debug|Any CPU
		{6756E58F-FAB2-43C5-BAAD-D880083D28D2}.Release|Any CPU.ActiveCfg = Release|Any CPU
		{6756E58F-FAB2-43C5-BAAD-D880083D28D2}.Release|Any CPU.Build.0 = Release|Any CPU
	EndGlobalSection
	GlobalSection(SolutionProperties) = preSolution
		HideSolutionNode = FALSE
	EndGlobalSection
	GlobalSection(ExtensibilityGlobals) = postSolution
		SolutionGuid = {547DFE4D-AFF6-4E13-BCB1-5C43ECD66225}
	EndGlobalSection
EndGlobal
